// !$*UTF8*$!
{
	archiveVersion = 1;
	classes = {
	};
	objectVersion = 51;
	objects = {

/* Begin PBXBuildFile section */
		147AE37125E4493E00DCCEAA /* MovieDetailsViewController.swift in Sources */ = {isa = PBXBuildFile; fileRef = 147AE37025E4493D00DCCEAA /* MovieDetailsViewController.swift */; };
		147AE37625E48C0C00DCCEAA /* MovieGridViewController.swift in Sources */ = {isa = PBXBuildFile; fileRef = 147AE37525E48C0C00DCCEAA /* MovieGridViewController.swift */; };
		147AE37B25E4AE4D00DCCEAA /* MovieGridCell.swift in Sources */ = {isa = PBXBuildFile; fileRef = 147AE37A25E4AE4D00DCCEAA /* MovieGridCell.swift */; };
		14BD4CE625D3662F001B6857 /* AppDelegate.swift in Sources */ = {isa = PBXBuildFile; fileRef = 14BD4CE525D3662F001B6857 /* AppDelegate.swift */; };
		14BD4CE825D3662F001B6857 /* SceneDelegate.swift in Sources */ = {isa = PBXBuildFile; fileRef = 14BD4CE725D3662F001B6857 /* SceneDelegate.swift */; };
		14BD4CED25D3662F001B6857 /* Main.storyboard in Resources */ = {isa = PBXBuildFile; fileRef = 14BD4CEB25D3662F001B6857 /* Main.storyboard */; };
		14BD4CEF25D36632001B6857 /* Assets.xcassets in Resources */ = {isa = PBXBuildFile; fileRef = 14BD4CEE25D36632001B6857 /* Assets.xcassets */; };
		14BD4CF225D36632001B6857 /* LaunchScreen.storyboard in Resources */ = {isa = PBXBuildFile; fileRef = 14BD4CF025D36632001B6857 /* LaunchScreen.storyboard */; };
		14BD4CFD25D36632001B6857 /* FlixTests.swift in Sources */ = {isa = PBXBuildFile; fileRef = 14BD4CFC25D36632001B6857 /* FlixTests.swift */; };
		14BD4D0825D36632001B6857 /* FlixUITests.swift in Sources */ = {isa = PBXBuildFile; fileRef = 14BD4D0725D36632001B6857 /* FlixUITests.swift */; };
		14BD4D1C25D38A5B001B6857 /* MoviesViewController.swift in Sources */ = {isa = PBXBuildFile; fileRef = 14BD4D1B25D38A5B001B6857 /* MoviesViewController.swift */; };
		14BD4D2125D4F557001B6857 /* MovieCell.swift in Sources */ = {isa = PBXBuildFile; fileRef = 14BD4D2025D4F557001B6857 /* MovieCell.swift */; };
		3C2B7E9E1033D00734ED70CE /* Pods_FlixTests.framework in Frameworks */ = {isa = PBXBuildFile; fileRef = B508CE131B86D277B1B1EE36 /* Pods_FlixTests.framework */; };
		818C87FD156CD2F1BF6A94E5 /* Pods_Flix_FlixUITests.framework in Frameworks */ = {isa = PBXBuildFile; fileRef = E96092664FF4F066F67F24B5 /* Pods_Flix_FlixUITests.framework */; };
		8B9262B13A1A0F27DA8139B2 /* Pods_Flix.framework in Frameworks */ = {isa = PBXBuildFile; fileRef = 73DDA078BE1B94F279409EBD /* Pods_Flix.framework */; };
/* End PBXBuildFile section */

/* Begin PBXContainerItemProxy section */
		14BD4CF925D36632001B6857 /* PBXContainerItemProxy */ = {
			isa = PBXContainerItemProxy;
			containerPortal = 14BD4CDA25D3662F001B6857 /* Project object */;
			proxyType = 1;
			remoteGlobalIDString = 14BD4CE125D3662F001B6857;
			remoteInfo = Flix;
		};
		14BD4D0425D36632001B6857 /* PBXContainerItemProxy */ = {
			isa = PBXContainerItemProxy;
			containerPortal = 14BD4CDA25D3662F001B6857 /* Project object */;
			proxyType = 1;
			remoteGlobalIDString = 14BD4CE125D3662F001B6857;
			remoteInfo = Flix;
		};
/* End PBXContainerItemProxy section */

/* Begin PBXFileReference section */
		0FF1E9EA2F3CC14A39BE0DAA /* Pods-FlixTests.debug.xcconfig */ = {isa = PBXFileReference; includeInIndex = 1; lastKnownFileType = text.xcconfig; name = "Pods-FlixTests.debug.xcconfig"; path = "Target Support Files/Pods-FlixTests/Pods-FlixTests.debug.xcconfig"; sourceTree = "<group>"; };
		147AE37025E4493D00DCCEAA /* MovieDetailsViewController.swift */ = {isa = PBXFileReference; lastKnownFileType = sourcecode.swift; path = MovieDetailsViewController.swift; sourceTree = "<group>"; };
		147AE37525E48C0C00DCCEAA /* MovieGridViewController.swift */ = {isa = PBXFileReference; lastKnownFileType = sourcecode.swift; path = MovieGridViewController.swift; sourceTree = "<group>"; };
		147AE37A25E4AE4D00DCCEAA /* MovieGridCell.swift */ = {isa = PBXFileReference; lastKnownFileType = sourcecode.swift; path = MovieGridCell.swift; sourceTree = "<group>"; };
		14BD4CE225D3662F001B6857 /* Flix.app */ = {isa = PBXFileReference; explicitFileType = wrapper.application; includeInIndex = 0; path = Flix.app; sourceTree = BUILT_PRODUCTS_DIR; };
		14BD4CE525D3662F001B6857 /* AppDelegate.swift */ = {isa = PBXFileReference; lastKnownFileType = sourcecode.swift; path = AppDelegate.swift; sourceTree = "<group>"; };
		14BD4CE725D3662F001B6857 /* SceneDelegate.swift */ = {isa = PBXFileReference; lastKnownFileType = sourcecode.swift; path = SceneDelegate.swift; sourceTree = "<group>"; };
		14BD4CEC25D3662F001B6857 /* Base */ = {isa = PBXFileReference; lastKnownFileType = file.storyboard; name = Base; path = Base.lproj/Main.storyboard; sourceTree = "<group>"; };
		14BD4CEE25D36632001B6857 /* Assets.xcassets */ = {isa = PBXFileReference; lastKnownFileType = folder.assetcatalog; path = Assets.xcassets; sourceTree = "<group>"; };
		14BD4CF125D36632001B6857 /* Base */ = {isa = PBXFileReference; lastKnownFileType = file.storyboard; name = Base; path = Base.lproj/LaunchScreen.storyboard; sourceTree = "<group>"; };
		14BD4CF325D36632001B6857 /* Info.plist */ = {isa = PBXFileReference; lastKnownFileType = text.plist.xml; path = Info.plist; sourceTree = "<group>"; };
		14BD4CF825D36632001B6857 /* FlixTests.xctest */ = {isa = PBXFileReference; explicitFileType = wrapper.cfbundle; includeInIndex = 0; path = FlixTests.xctest; sourceTree = BUILT_PRODUCTS_DIR; };
		14BD4CFC25D36632001B6857 /* FlixTests.swift */ = {isa = PBXFileReference; lastKnownFileType = sourcecode.swift; path = FlixTests.swift; sourceTree = "<group>"; };
		14BD4CFE25D36632001B6857 /* Info.plist */ = {isa = PBXFileReference; lastKnownFileType = text.plist.xml; path = Info.plist; sourceTree = "<group>"; };
		14BD4D0325D36632001B6857 /* FlixUITests.xctest */ = {isa = PBXFileReference; explicitFileType = wrapper.cfbundle; includeInIndex = 0; path = FlixUITests.xctest; sourceTree = BUILT_PRODUCTS_DIR; };
		14BD4D0725D36632001B6857 /* FlixUITests.swift */ = {isa = PBXFileReference; lastKnownFileType = sourcecode.swift; path = FlixUITests.swift; sourceTree = "<group>"; };
		14BD4D0925D36632001B6857 /* Info.plist */ = {isa = PBXFileReference; lastKnownFileType = text.plist.xml; path = Info.plist; sourceTree = "<group>"; };
		14BD4D1B25D38A5B001B6857 /* MoviesViewController.swift */ = {isa = PBXFileReference; lastKnownFileType = sourcecode.swift; path = MoviesViewController.swift; sourceTree = "<group>"; };
		14BD4D2025D4F557001B6857 /* MovieCell.swift */ = {isa = PBXFileReference; lastKnownFileType = sourcecode.swift; path = MovieCell.swift; sourceTree = "<group>"; };
		166DB04808F5AEC6E6A4484B /* Pods-Flix.release.xcconfig */ = {isa = PBXFileReference; includeInIndex = 1; lastKnownFileType = text.xcconfig; name = "Pods-Flix.release.xcconfig"; path = "Target Support Files/Pods-Flix/Pods-Flix.release.xcconfig"; sourceTree = "<group>"; };
		42FC249312975E89C1A53A5A /* Pods-Flix-FlixUITests.debug.xcconfig */ = {isa = PBXFileReference; includeInIndex = 1; lastKnownFileType = text.xcconfig; name = "Pods-Flix-FlixUITests.debug.xcconfig"; path = "Target Support Files/Pods-Flix-FlixUITests/Pods-Flix-FlixUITests.debug.xcconfig"; sourceTree = "<group>"; };
		73DDA078BE1B94F279409EBD /* Pods_Flix.framework */ = {isa = PBXFileReference; explicitFileType = wrapper.framework; includeInIndex = 0; path = Pods_Flix.framework; sourceTree = BUILT_PRODUCTS_DIR; };
		90A9F2959D0A4CD38D164EB4 /* Pods-FlixTests.release.xcconfig */ = {isa = PBXFileReference; includeInIndex = 1; lastKnownFileType = text.xcconfig; name = "Pods-FlixTests.release.xcconfig"; path = "Target Support Files/Pods-FlixTests/Pods-FlixTests.release.xcconfig"; sourceTree = "<group>"; };
		B508CE131B86D277B1B1EE36 /* Pods_FlixTests.framework */ = {isa = PBXFileReference; explicitFileType = wrapper.framework; includeInIndex = 0; path = Pods_FlixTests.framework; sourceTree = BUILT_PRODUCTS_DIR; };
		D5FCB912F8BE09ED063961C8 /* Pods-Flix-FlixUITests.release.xcconfig */ = {isa = PBXFileReference; includeInIndex = 1; lastKnownFileType = text.xcconfig; name = "Pods-Flix-FlixUITests.release.xcconfig"; path = "Target Support Files/Pods-Flix-FlixUITests/Pods-Flix-FlixUITests.release.xcconfig"; sourceTree = "<group>"; };
		E96092664FF4F066F67F24B5 /* Pods_Flix_FlixUITests.framework */ = {isa = PBXFileReference; explicitFileType = wrapper.framework; includeInIndex = 0; path = Pods_Flix_FlixUITests.framework; sourceTree = BUILT_PRODUCTS_DIR; };
		FB355C1823E486AC5BB8C6D5 /* Pods-Flix.debug.xcconfig */ = {isa = PBXFileReference; includeInIndex = 1; lastKnownFileType = text.xcconfig; name = "Pods-Flix.debug.xcconfig"; path = "Target Support Files/Pods-Flix/Pods-Flix.debug.xcconfig"; sourceTree = "<group>"; };
/* End PBXFileReference section */

/* Begin PBXFrameworksBuildPhase section */
		14BD4CDF25D3662F001B6857 /* Frameworks */ = {
			isa = PBXFrameworksBuildPhase;
			buildActionMask = 2147483647;
			files = (
				8B9262B13A1A0F27DA8139B2 /* Pods_Flix.framework in Frameworks */,
			);
			runOnlyForDeploymentPostprocessing = 0;
		};
		14BD4CF525D36632001B6857 /* Frameworks */ = {
			isa = PBXFrameworksBuildPhase;
			buildActionMask = 2147483647;
			files = (
				3C2B7E9E1033D00734ED70CE /* Pods_FlixTests.framework in Frameworks */,
			);
			runOnlyForDeploymentPostprocessing = 0;
		};
		14BD4D0025D36632001B6857 /* Frameworks */ = {
			isa = PBXFrameworksBuildPhase;
			buildActionMask = 2147483647;
			files = (
				818C87FD156CD2F1BF6A94E5 /* Pods_Flix_FlixUITests.framework in Frameworks */,
			);
			runOnlyForDeploymentPostprocessing = 0;
		};
/* End PBXFrameworksBuildPhase section */

/* Begin PBXGroup section */
		0219575AD70E0B8390171043 /* Frameworks */ = {
			isa = PBXGroup;
			children = (
				73DDA078BE1B94F279409EBD /* Pods_Flix.framework */,
				E96092664FF4F066F67F24B5 /* Pods_Flix_FlixUITests.framework */,
				B508CE131B86D277B1B1EE36 /* Pods_FlixTests.framework */,
			);
			name = Frameworks;
			sourceTree = "<group>";
		};
		14BD4CD925D3662F001B6857 = {
			isa = PBXGroup;
			children = (
				14BD4CE425D3662F001B6857 /* Flix */,
				14BD4CFB25D36632001B6857 /* FlixTests */,
				14BD4D0625D36632001B6857 /* FlixUITests */,
				14BD4CE325D3662F001B6857 /* Products */,
				C32D553C44F132ED9A8FF70C /* Pods */,
				0219575AD70E0B8390171043 /* Frameworks */,
			);
			sourceTree = "<group>";
		};
		14BD4CE325D3662F001B6857 /* Products */ = {
			isa = PBXGroup;
			children = (
				14BD4CE225D3662F001B6857 /* Flix.app */,
				14BD4CF825D36632001B6857 /* FlixTests.xctest */,
				14BD4D0325D36632001B6857 /* FlixUITests.xctest */,
			);
			name = Products;
			sourceTree = "<group>";
		};
		14BD4CE425D3662F001B6857 /* Flix */ = {
			isa = PBXGroup;
			children = (
				14BD4CE525D3662F001B6857 /* AppDelegate.swift */,
				14BD4CE725D3662F001B6857 /* SceneDelegate.swift */,
				14BD4CEB25D3662F001B6857 /* Main.storyboard */,
				14BD4CEE25D36632001B6857 /* Assets.xcassets */,
				14BD4CF025D36632001B6857 /* LaunchScreen.storyboard */,
				14BD4CF325D36632001B6857 /* Info.plist */,
				14BD4D1B25D38A5B001B6857 /* MoviesViewController.swift */,
				14BD4D2025D4F557001B6857 /* MovieCell.swift */,
				147AE37025E4493D00DCCEAA /* MovieDetailsViewController.swift */,
				147AE37525E48C0C00DCCEAA /* MovieGridViewController.swift */,
				147AE37A25E4AE4D00DCCEAA /* MovieGridCell.swift */,
			);
			path = Flix;
			sourceTree = "<group>";
		};
		14BD4CFB25D36632001B6857 /* FlixTests */ = {
			isa = PBXGroup;
			children = (
				14BD4CFC25D36632001B6857 /* FlixTests.swift */,
				14BD4CFE25D36632001B6857 /* Info.plist */,
			);
			path = FlixTests;
			sourceTree = "<group>";
		};
		14BD4D0625D36632001B6857 /* FlixUITests */ = {
			isa = PBXGroup;
			children = (
				14BD4D0725D36632001B6857 /* FlixUITests.swift */,
				14BD4D0925D36632001B6857 /* Info.plist */,
			);
			path = FlixUITests;
			sourceTree = "<group>";
		};
		C32D553C44F132ED9A8FF70C /* Pods */ = {
			isa = PBXGroup;
			children = (
				FB355C1823E486AC5BB8C6D5 /* Pods-Flix.debug.xcconfig */,
				166DB04808F5AEC6E6A4484B /* Pods-Flix.release.xcconfig */,
				42FC249312975E89C1A53A5A /* Pods-Flix-FlixUITests.debug.xcconfig */,
				D5FCB912F8BE09ED063961C8 /* Pods-Flix-FlixUITests.release.xcconfig */,
				0FF1E9EA2F3CC14A39BE0DAA /* Pods-FlixTests.debug.xcconfig */,
				90A9F2959D0A4CD38D164EB4 /* Pods-FlixTests.release.xcconfig */,
			);
			path = Pods;
			sourceTree = "<group>";
		};
/* End PBXGroup section */

/* Begin PBXNativeTarget section */
		14BD4CE125D3662F001B6857 /* Flix */ = {
			isa = PBXNativeTarget;
			buildConfigurationList = 14BD4D0C25D36632001B6857 /* Build configuration list for PBXNativeTarget "Flix" */;
			buildPhases = (
				C5AF837E2097CCFAD8745F43 /* [CP] Check Pods Manifest.lock */,
				14BD4CDE25D3662F001B6857 /* Sources */,
				14BD4CDF25D3662F001B6857 /* Frameworks */,
				14BD4CE025D3662F001B6857 /* Resources */,
				732E4253150B4D564131E021 /* [CP] Embed Pods Frameworks */,
			);
			buildRules = (
			);
			dependencies = (
			);
			name = Flix;
			productName = Flix;
			productReference = 14BD4CE225D3662F001B6857 /* Flix.app */;
			productType = "com.apple.product-type.application";
		};
		14BD4CF725D36632001B6857 /* FlixTests */ = {
			isa = PBXNativeTarget;
			buildConfigurationList = 14BD4D0F25D36632001B6857 /* Build configuration list for PBXNativeTarget "FlixTests" */;
			buildPhases = (
				593CA88EC9D623262F40485F /* [CP] Check Pods Manifest.lock */,
				14BD4CF425D36632001B6857 /* Sources */,
				14BD4CF525D36632001B6857 /* Frameworks */,
				14BD4CF625D36632001B6857 /* Resources */,
			);
			buildRules = (
			);
			dependencies = (
				14BD4CFA25D36632001B6857 /* PBXTargetDependency */,
			);
			name = FlixTests;
			productName = FlixTests;
			productReference = 14BD4CF825D36632001B6857 /* FlixTests.xctest */;
			productType = "com.apple.product-type.bundle.unit-test";
		};
		14BD4D0225D36632001B6857 /* FlixUITests */ = {
			isa = PBXNativeTarget;
			buildConfigurationList = 14BD4D1225D36632001B6857 /* Build configuration list for PBXNativeTarget "FlixUITests" */;
			buildPhases = (
				9B7E24F5507FC21299CB352C /* [CP] Check Pods Manifest.lock */,
				14BD4CFF25D36632001B6857 /* Sources */,
				14BD4D0025D36632001B6857 /* Frameworks */,
				14BD4D0125D36632001B6857 /* Resources */,
				423ADA2684F860E30E9D1076 /* [CP] Embed Pods Frameworks */,
			);
			buildRules = (
			);
			dependencies = (
				14BD4D0525D36632001B6857 /* PBXTargetDependency */,
			);
			name = FlixUITests;
			productName = FlixUITests;
			productReference = 14BD4D0325D36632001B6857 /* FlixUITests.xctest */;
			productType = "com.apple.product-type.bundle.ui-testing";
		};
/* End PBXNativeTarget section */

/* Begin PBXProject section */
		14BD4CDA25D3662F001B6857 /* Project object */ = {
			isa = PBXProject;
			attributes = {
				LastSwiftUpdateCheck = 1240;
				LastUpgradeCheck = 1240;
				TargetAttributes = {
					14BD4CE125D3662F001B6857 = {
						CreatedOnToolsVersion = 12.4;
					};
					14BD4CF725D36632001B6857 = {
						CreatedOnToolsVersion = 12.4;
						TestTargetID = 14BD4CE125D3662F001B6857;
					};
					14BD4D0225D36632001B6857 = {
						CreatedOnToolsVersion = 12.4;
						TestTargetID = 14BD4CE125D3662F001B6857;
					};
				};
			};
			buildConfigurationList = 14BD4CDD25D3662F001B6857 /* Build configuration list for PBXProject "Flix" */;
			compatibilityVersion = "Xcode 9.3";
			developmentRegion = en;
			hasScannedForEncodings = 0;
			knownRegions = (
				en,
				Base,
			);
			mainGroup = 14BD4CD925D3662F001B6857;
			productRefGroup = 14BD4CE325D3662F001B6857 /* Products */;
			projectDirPath = "";
			projectRoot = "";
			targets = (
				14BD4CE125D3662F001B6857 /* Flix */,
				14BD4CF725D36632001B6857 /* FlixTests */,
				14BD4D0225D36632001B6857 /* FlixUITests */,
			);
		};
/* End PBXProject section */

/* Begin PBXResourcesBuildPhase section */
		14BD4CE025D3662F001B6857 /* Resources */ = {
			isa = PBXResourcesBuildPhase;
			buildActionMask = 2147483647;
			files = (
				14BD4CF225D36632001B6857 /* LaunchScreen.storyboard in Resources */,
				14BD4CEF25D36632001B6857 /* Assets.xcassets in Resources */,
				14BD4CED25D3662F001B6857 /* Main.storyboard in Resources */,
			);
			runOnlyForDeploymentPostprocessing = 0;
		};
		14BD4CF625D36632001B6857 /* Resources */ = {
			isa = PBXResourcesBuildPhase;
			buildActionMask = 2147483647;
			files = (
			);
			runOnlyForDeploymentPostprocessing = 0;
		};
		14BD4D0125D36632001B6857 /* Resources */ = {
			isa = PBXResourcesBuildPhase;
			buildActionMask = 2147483647;
			files = (
			);
			runOnlyForDeploymentPostprocessing = 0;
		};
/* End PBXResourcesBuildPhase section */

/* Begin PBXShellScriptBuildPhase section */
		423ADA2684F860E30E9D1076 /* [CP] Embed Pods Frameworks */ = {
			isa = PBXShellScriptBuildPhase;
			buildActionMask = 2147483647;
			files = (
			);
			inputFileListPaths = (
				"${PODS_ROOT}/Target Support Files/Pods-Flix-FlixUITests/Pods-Flix-FlixUITests-frameworks-${CONFIGURATION}-input-files.xcfilelist",
			);
			name = "[CP] Embed Pods Frameworks";
			outputFileListPaths = (
				"${PODS_ROOT}/Target Support Files/Pods-Flix-FlixUITests/Pods-Flix-FlixUITests-frameworks-${CONFIGURATION}-output-files.xcfilelist",
			);
			runOnlyForDeploymentPostprocessing = 0;
			shellPath = /bin/sh;
			shellScript = "\"${PODS_ROOT}/Target Support Files/Pods-Flix-FlixUITests/Pods-Flix-FlixUITests-frameworks.sh\"\n";
			showEnvVarsInLog = 0;
		};
		593CA88EC9D623262F40485F /* [CP] Check Pods Manifest.lock */ = {
			isa = PBXShellScriptBuildPhase;
			buildActionMask = 2147483647;
			files = (
			);
			inputFileListPaths = (
			);
			inputPaths = (
				"${PODS_PODFILE_DIR_PATH}/Podfile.lock",
				"${PODS_ROOT}/Manifest.lock",
			);
			name = "[CP] Check Pods Manifest.lock";
			outputFileListPaths = (
			);
			outputPaths = (
				"$(DERIVED_FILE_DIR)/Pods-FlixTests-checkManifestLockResult.txt",
			);
			runOnlyForDeploymentPostprocessing = 0;
			shellPath = /bin/sh;
			shellScript = "diff \"${PODS_PODFILE_DIR_PATH}/Podfile.lock\" \"${PODS_ROOT}/Manifest.lock\" > /dev/null\nif [ $? != 0 ] ; then\n    # print error to STDERR\n    echo \"error: The sandbox is not in sync with the Podfile.lock. Run 'pod install' or update your CocoaPods installation.\" >&2\n    exit 1\nfi\n# This output is used by Xcode 'outputs' to avoid re-running this script phase.\necho \"SUCCESS\" > \"${SCRIPT_OUTPUT_FILE_0}\"\n";
			showEnvVarsInLog = 0;
		};
		732E4253150B4D564131E021 /* [CP] Embed Pods Frameworks */ = {
			isa = PBXShellScriptBuildPhase;
			buildActionMask = 2147483647;
			files = (
			);
			inputFileListPaths = (
				"${PODS_ROOT}/Target Support Files/Pods-Flix/Pods-Flix-frameworks-${CONFIGURATION}-input-files.xcfilelist",
			);
			name = "[CP] Embed Pods Frameworks";
			outputFileListPaths = (
				"${PODS_ROOT}/Target Support Files/Pods-Flix/Pods-Flix-frameworks-${CONFIGURATION}-output-files.xcfilelist",
			);
			runOnlyForDeploymentPostprocessing = 0;
			shellPath = /bin/sh;
			shellScript = "\"${PODS_ROOT}/Target Support Files/Pods-Flix/Pods-Flix-frameworks.sh\"\n";
			showEnvVarsInLog = 0;
		};
		9B7E24F5507FC21299CB352C /* [CP] Check Pods Manifest.lock */ = {
			isa = PBXShellScriptBuildPhase;
			buildActionMask = 2147483647;
			files = (
			);
			inputFileListPaths = (
			);
			inputPaths = (
				"${PODS_PODFILE_DIR_PATH}/Podfile.lock",
				"${PODS_ROOT}/Manifest.lock",
			);
			name = "[CP] Check Pods Manifest.lock";
			outputFileListPaths = (
			);
			outputPaths = (
				"$(DERIVED_FILE_DIR)/Pods-Flix-FlixUITests-checkManifestLockResult.txt",
			);
			runOnlyForDeploymentPostprocessing = 0;
			shellPath = /bin/sh;
			shellScript = "diff \"${PODS_PODFILE_DIR_PATH}/Podfile.lock\" \"${PODS_ROOT}/Manifest.lock\" > /dev/null\nif [ $? != 0 ] ; then\n    # print error to STDERR\n    echo \"error: The sandbox is not in sync with the Podfile.lock. Run 'pod install' or update your CocoaPods installation.\" >&2\n    exit 1\nfi\n# This output is used by Xcode 'outputs' to avoid re-running this script phase.\necho \"SUCCESS\" > \"${SCRIPT_OUTPUT_FILE_0}\"\n";
			showEnvVarsInLog = 0;
		};
		C5AF837E2097CCFAD8745F43 /* [CP] Check Pods Manifest.lock */ = {
			isa = PBXShellScriptBuildPhase;
			buildActionMask = 2147483647;
			files = (
			);
			inputFileListPaths = (
			);
			inputPaths = (
				"${PODS_PODFILE_DIR_PATH}/Podfile.lock",
				"${PODS_ROOT}/Manifest.lock",
			);
			name = "[CP] Check Pods Manifest.lock";
			outputFileListPaths = (
			);
			outputPaths = (
				"$(DERIVED_FILE_DIR)/Pods-Flix-checkManifestLockResult.txt",
			);
			runOnlyForDeploymentPostprocessing = 0;
			shellPath = /bin/sh;
			shellScript = "diff \"${PODS_PODFILE_DIR_PATH}/Podfile.lock\" \"${PODS_ROOT}/Manifest.lock\" > /dev/null\nif [ $? != 0 ] ; then\n    # print error to STDERR\n    echo \"error: The sandbox is not in sync with the Podfile.lock. Run 'pod install' or update your CocoaPods installation.\" >&2\n    exit 1\nfi\n# This output is used by Xcode 'outputs' to avoid re-running this script phase.\necho \"SUCCESS\" > \"${SCRIPT_OUTPUT_FILE_0}\"\n";
			showEnvVarsInLog = 0;
		};
/* End PBXShellScriptBuildPhase section */

/* Begin PBXSourcesBuildPhase section */
		14BD4CDE25D3662F001B6857 /* Sources */ = {
			isa = PBXSourcesBuildPhase;
			buildActionMask = 2147483647;
			files = (
				147AE37125E4493E00DCCEAA /* MovieDetailsViewController.swift in Sources */,
				14BD4CE625D3662F001B6857 /* AppDelegate.swift in Sources */,
				14BD4CE825D3662F001B6857 /* SceneDelegate.swift in Sources */,
				14BD4D2125D4F557001B6857 /* MovieCell.swift in Sources */,
				14BD4D1C25D38A5B001B6857 /* MoviesViewController.swift in Sources */,
				147AE37625E48C0C00DCCEAA /* MovieGridViewController.swift in Sources */,
				147AE37B25E4AE4D00DCCEAA /* MovieGridCell.swift in Sources */,
			);
			runOnlyForDeploymentPostprocessing = 0;
		};
		14BD4CF425D36632001B6857 /* Sources */ = {
			isa = PBXSourcesBuildPhase;
			buildActionMask = 2147483647;
			files = (
				14BD4CFD25D36632001B6857 /* FlixTests.swift in Sources */,
			);
			runOnlyForDeploymentPostprocessing = 0;
		};
		14BD4CFF25D36632001B6857 /* Sources */ = {
			isa = PBXSourcesBuildPhase;
			buildActionMask = 2147483647;
			files = (
				14BD4D0825D36632001B6857 /* FlixUITests.swift in Sources */,
			);
			runOnlyForDeploymentPostprocessing = 0;
		};
/* End PBXSourcesBuildPhase section */

/* Begin PBXTargetDependency section */
		14BD4CFA25D36632001B6857 /* PBXTargetDependency */ = {
			isa = PBXTargetDependency;
			target = 14BD4CE125D3662F001B6857 /* Flix */;
			targetProxy = 14BD4CF925D36632001B6857 /* PBXContainerItemProxy */;
		};
		14BD4D0525D36632001B6857 /* PBXTargetDependency */ = {
			isa = PBXTargetDependency;
			target = 14BD4CE125D3662F001B6857 /* Flix */;
			targetProxy = 14BD4D0425D36632001B6857 /* PBXContainerItemProxy */;
		};
/* End PBXTargetDependency section */

/* Begin PBXVariantGroup section */
		14BD4CEB25D3662F001B6857 /* Main.storyboard */ = {
			isa = PBXVariantGroup;
			children = (
				14BD4CEC25D3662F001B6857 /* Base */,
			);
			name = Main.storyboard;
			sourceTree = "<group>";
		};
		14BD4CF025D36632001B6857 /* LaunchScreen.storyboard */ = {
			isa = PBXVariantGroup;
			children = (
				14BD4CF125D36632001B6857 /* Base */,
			);
			name = LaunchScreen.storyboard;
			sourceTree = "<group>";
		};
/* End PBXVariantGroup section */

/* Begin XCBuildConfiguration section */
		14BD4D0A25D36632001B6857 /* Debug */ = {
			isa = XCBuildConfiguration;
			buildSettings = {
				ALWAYS_SEARCH_USER_PATHS = NO;
				CLANG_ANALYZER_NONNULL = YES;
				CLANG_ANALYZER_NUMBER_OBJECT_CONVERSION = YES_AGGRESSIVE;
				CLANG_CXX_LANGUAGE_STANDARD = "gnu++14";
				CLANG_CXX_LIBRARY = "libc++";
				CLANG_ENABLE_MODULES = YES;
				CLANG_ENABLE_OBJC_ARC = YES;
				CLANG_ENABLE_OBJC_WEAK = YES;
				CLANG_WARN_BLOCK_CAPTURE_AUTORELEASING = YES;
				CLANG_WARN_BOOL_CONVERSION = YES;
				CLANG_WARN_COMMA = YES;
				CLANG_WARN_CONSTANT_CONVERSION = YES;
				CLANG_WARN_DEPRECATED_OBJC_IMPLEMENTATIONS = YES;
				CLANG_WARN_DIRECT_OBJC_ISA_USAGE = YES_ERROR;
				CLANG_WARN_DOCUMENTATION_COMMENTS = YES;
				CLANG_WARN_EMPTY_BODY = YES;
				CLANG_WARN_ENUM_CONVERSION = YES;
				CLANG_WARN_INFINITE_RECURSION = YES;
				CLANG_WARN_INT_CONVERSION = YES;
				CLANG_WARN_NON_LITERAL_NULL_CONVERSION = YES;
				CLANG_WARN_OBJC_IMPLICIT_RETAIN_SELF = YES;
				CLANG_WARN_OBJC_LITERAL_CONVERSION = YES;
				CLANG_WARN_OBJC_ROOT_CLASS = YES_ERROR;
				CLANG_WARN_QUOTED_INCLUDE_IN_FRAMEWORK_HEADER = YES;
				CLANG_WARN_RANGE_LOOP_ANALYSIS = YES;
				CLANG_WARN_STRICT_PROTOTYPES = YES;
				CLANG_WARN_SUSPICIOUS_MOVE = YES;
				CLANG_WARN_UNGUARDED_AVAILABILITY = YES_AGGRESSIVE;
				CLANG_WARN_UNREACHABLE_CODE = YES;
				CLANG_WARN__DUPLICATE_METHOD_MATCH = YES;
				COPY_PHASE_STRIP = NO;
				DEBUG_INFORMATION_FORMAT = dwarf;
				ENABLE_STRICT_OBJC_MSGSEND = YES;
				ENABLE_TESTABILITY = YES;
				GCC_C_LANGUAGE_STANDARD = gnu11;
				GCC_DYNAMIC_NO_PIC = NO;
				GCC_NO_COMMON_BLOCKS = YES;
				GCC_OPTIMIZATION_LEVEL = 0;
				GCC_PREPROCESSOR_DEFINITIONS = (
					"DEBUG=1",
					"$(inherited)",
				);
				GCC_WARN_64_TO_32_BIT_CONVERSION = YES;
				GCC_WARN_ABOUT_RETURN_TYPE = YES_ERROR;
				GCC_WARN_UNDECLARED_SELECTOR = YES;
				GCC_WARN_UNINITIALIZED_AUTOS = YES_AGGRESSIVE;
				GCC_WARN_UNUSED_FUNCTION = YES;
				GCC_WARN_UNUSED_VARIABLE = YES;
				IPHONEOS_DEPLOYMENT_TARGET = 14.4;
				MTL_ENABLE_DEBUG_INFO = INCLUDE_SOURCE;
				MTL_FAST_MATH = YES;
				ONLY_ACTIVE_ARCH = YES;
				SDKROOT = iphoneos;
				SWIFT_ACTIVE_COMPILATION_CONDITIONS = DEBUG;
				SWIFT_OPTIMIZATION_LEVEL = "-Onone";
			};
			name = Debug;
		};
		14BD4D0B25D36632001B6857 /* Release */ = {
			isa = XCBuildConfiguration;
			buildSettings = {
				ALWAYS_SEARCH_USER_PATHS = NO;
				CLANG_ANALYZER_NONNULL = YES;
				CLANG_ANALYZER_NUMBER_OBJECT_CONVERSION = YES_AGGRESSIVE;
				CLANG_CXX_LANGUAGE_STANDARD = "gnu++14";
				CLANG_CXX_LIBRARY = "libc++";
				CLANG_ENABLE_MODULES = YES;
				CLANG_ENABLE_OBJC_ARC = YES;
				CLANG_ENABLE_OBJC_WEAK = YES;
				CLANG_WARN_BLOCK_CAPTURE_AUTORELEASING = YES;
				CLANG_WARN_BOOL_CONVERSION = YES;
				CLANG_WARN_COMMA = YES;
				CLANG_WARN_CONSTANT_CONVERSION = YES;
				CLANG_WARN_DEPRECATED_OBJC_IMPLEMENTATIONS = YES;
				CLANG_WARN_DIRECT_OBJC_ISA_USAGE = YES_ERROR;
				CLANG_WARN_DOCUMENTATION_COMMENTS = YES;
				CLANG_WARN_EMPTY_BODY = YES;
				CLANG_WARN_ENUM_CONVERSION = YES;
				CLANG_WARN_INFINITE_RECURSION = YES;
				CLANG_WARN_INT_CONVERSION = YES;
				CLANG_WARN_NON_LITERAL_NULL_CONVERSION = YES;
				CLANG_WARN_OBJC_IMPLICIT_RETAIN_SELF = YES;
				CLANG_WARN_OBJC_LITERAL_CONVERSION = YES;
				CLANG_WARN_OBJC_ROOT_CLASS = YES_ERROR;
				CLANG_WARN_QUOTED_INCLUDE_IN_FRAMEWORK_HEADER = YES;
				CLANG_WARN_RANGE_LOOP_ANALYSIS = YES;
				CLANG_WARN_STRICT_PROTOTYPES = YES;
				CLANG_WARN_SUSPICIOUS_MOVE = YES;
				CLANG_WARN_UNGUARDED_AVAILABILITY = YES_AGGRESSIVE;
				CLANG_WARN_UNREACHABLE_CODE = YES;
				CLANG_WARN__DUPLICATE_METHOD_MATCH = YES;
				COPY_PHASE_STRIP = NO;
				DEBUG_INFORMATION_FORMAT = "dwarf-with-dsym";
				ENABLE_NS_ASSERTIONS = NO;
				ENABLE_STRICT_OBJC_MSGSEND = YES;
				GCC_C_LANGUAGE_STANDARD = gnu11;
				GCC_NO_COMMON_BLOCKS = YES;
				GCC_WARN_64_TO_32_BIT_CONVERSION = YES;
				GCC_WARN_ABOUT_RETURN_TYPE = YES_ERROR;
				GCC_WARN_UNDECLARED_SELECTOR = YES;
				GCC_WARN_UNINITIALIZED_AUTOS = YES_AGGRESSIVE;
				GCC_WARN_UNUSED_FUNCTION = YES;
				GCC_WARN_UNUSED_VARIABLE = YES;
				IPHONEOS_DEPLOYMENT_TARGET = 14.4;
				MTL_ENABLE_DEBUG_INFO = NO;
				MTL_FAST_MATH = YES;
				SDKROOT = iphoneos;
				SWIFT_COMPILATION_MODE = wholemodule;
				SWIFT_OPTIMIZATION_LEVEL = "-O";
				VALIDATE_PRODUCT = YES;
			};
			name = Release;
		};
		14BD4D0D25D36632001B6857 /* Debug */ = {
			isa = XCBuildConfiguration;
			baseConfigurationReference = FB355C1823E486AC5BB8C6D5 /* Pods-Flix.debug.xcconfig */;
			buildSettings = {
				ASSETCATALOG_COMPILER_APPICON_NAME = AppIcon;
				ASSETCATALOG_COMPILER_GLOBAL_ACCENT_COLOR_NAME = AccentColor;
				CODE_SIGN_STYLE = Automatic;
				INFOPLIST_FILE = Flix/Info.plist;
				LD_RUNPATH_SEARCH_PATHS = (
					"$(inherited)",
					"@executable_path/Frameworks",
				);
				PRODUCT_BUNDLE_IDENTIFIER = memo.com.Flix;
				PRODUCT_NAME = "$(TARGET_NAME)";
				SWIFT_VERSION = 5.0;
				TARGETED_DEVICE_FAMILY = "1,2";
			};
			name = Debug;
		};
		14BD4D0E25D36632001B6857 /* Release */ = {
			isa = XCBuildConfiguration;
			baseConfigurationReference = 166DB04808F5AEC6E6A4484B /* Pods-Flix.release.xcconfig */;
			buildSettings = {
				ASSETCATALOG_COMPILER_APPICON_NAME = AppIcon;
				ASSETCATALOG_COMPILER_GLOBAL_ACCENT_COLOR_NAME = AccentColor;
				CODE_SIGN_STYLE = Automatic;
				INFOPLIST_FILE = Flix/Info.plist;
				LD_RUNPATH_SEARCH_PATHS = (
					"$(inherited)",
					"@executable_path/Frameworks",
				);
				PRODUCT_BUNDLE_IDENTIFIER = memo.com.Flix;
				PRODUCT_NAME = "$(TARGET_NAME)";
				SWIFT_VERSION = 5.0;
				TARGETED_DEVICE_FAMILY = "1,2";
			};
			name = Release;
		};
		14BD4D1025D36632001B6857 /* Debug */ = {
			isa = XCBuildConfiguration;
			baseConfigurationReference = 0FF1E9EA2F3CC14A39BE0DAA /* Pods-FlixTests.debug.xcconfig */;
			buildSettings = {
				ALWAYS_EMBED_SWIFT_STANDARD_LIBRARIES = YES;
				BUNDLE_LOADER = "$(TEST_HOST)";
				CODE_SIGN_STYLE = Automatic;
				INFOPLIST_FILE = FlixTests/Info.plist;
				IPHONEOS_DEPLOYMENT_TARGET = 14.4;
				LD_RUNPATH_SEARCH_PATHS = (
					"$(inherited)",
					"@executable_path/Frameworks",
					"@loader_path/Frameworks",
				);
				PRODUCT_BUNDLE_IDENTIFIER = memo.com.FlixTests;
				PRODUCT_NAME = "$(TARGET_NAME)";
				SWIFT_VERSION = 5.0;
				TARGETED_DEVICE_FAMILY = "1,2";
				TEST_HOST = "$(BUILT_PRODUCTS_DIR)/Flix.app/Flix";
			};
			name = Debug;
		};
		14BD4D1125D36632001B6857 /* Release */ = {
			isa = XCBuildConfiguration;
			baseConfigurationReference = 90A9F2959D0A4CD38D164EB4 /* Pods-FlixTests.release.xcconfig */;
			buildSettings = {
				ALWAYS_EMBED_SWIFT_STANDARD_LIBRARIES = YES;
				BUNDLE_LOADER = "$(TEST_HOST)";
				CODE_SIGN_STYLE = Automatic;
				INFOPLIST_FILE = FlixTests/Info.plist;
				IPHONEOS_DEPLOYMENT_TARGET = 14.4;
				LD_RUNPATH_SEARCH_PATHS = (
					"$(inherited)",
					"@executable_path/Frameworks",
					"@loader_path/Frameworks",
				);
				PRODUCT_BUNDLE_IDENTIFIER = memo.com.FlixTests;
				PRODUCT_NAME = "$(TARGET_NAME)";
				SWIFT_VERSION = 5.0;
				TARGETED_DEVICE_FAMILY = "1,2";
				TEST_HOST = "$(BUILT_PRODUCTS_DIR)/Flix.app/Flix";
			};
			name = Release;
		};
		14BD4D1325D36632001B6857 /* Debug */ = {
			isa = XCBuildConfiguration;
			baseConfigurationReference = 42FC249312975E89C1A53A5A /* Pods-Flix-FlixUITests.debug.xcconfig */;
			buildSettings = {
				ALWAYS_EMBED_SWIFT_STANDARD_LIBRARIES = YES;
				CODE_SIGN_STYLE = Automatic;
				INFOPLIST_FILE = FlixUITests/Info.plist;
				LD_RUNPATH_SEARCH_PATHS = (
					"$(inherited)",
					"@executable_path/Frameworks",
					"@loader_path/Frameworks",
				);
				PRODUCT_BUNDLE_IDENTIFIER = memo.com.FlixUITests;
				PRODUCT_NAME = "$(TARGET_NAME)";
				SWIFT_VERSION = 5.0;
				TARGETED_DEVICE_FAMILY = "1,2";
				TEST_TARGET_NAME = Flix;
			};
			name = Debug;
		};
		14BD4D1425D36632001B6857 /* Release */ = {
			isa = XCBuildConfiguration;
			baseConfigurationReference = D5FCB912F8BE09ED063961C8 /* Pods-Flix-FlixUITests.release.xcconfig */;
			buildSettings = {
				ALWAYS_EMBED_SWIFT_STANDARD_LIBRARIES = YES;
				CODE_SIGN_STYLE = Automatic;
				INFOPLIST_FILE = FlixUITests/Info.plist;
				LD_RUNPATH_SEARCH_PATHS = (
					"$(inherited)",
					"@executable_path/Frameworks",
					"@loader_path/Frameworks",
				);
				PRODUCT_BUNDLE_IDENTIFIER = memo.com.FlixUITests;
				PRODUCT_NAME = "$(TARGET_NAME)";
				SWIFT_VERSION = 5.0;
				TARGETED_DEVICE_FAMILY = "1,2";
				TEST_TARGET_NAME = Flix;
			};
			name = Release;
		};
/* End XCBuildConfiguration section */

/* Begin XCConfigurationList section */
		14BD4CDD25D3662F001B6857 /* Build configuration list for PBXProject "Flix" */ = {
			isa = XCConfigurationList;
			buildConfigurations = (
				14BD4D0A25D36632001B6857 /* Debug */,
				14BD4D0B25D36632001B6857 /* Release */,
			);
			defaultConfigurationIsVisible = 0;
			defaultConfigurationName = Release;
		};
		14BD4D0C25D36632001B6857 /* Build configuration list for PBXNativeTarget "Flix" */ = {
			isa = XCConfigurationList;
			buildConfigurations = (
				14BD4D0D25D36632001B6857 /* Debug */,
				14BD4D0E25D36632001B6857 /* Release */,
			);
			defaultConfigurationIsVisible = 0;
			defaultConfigurationName = Release;
		};
		14BD4D0F25D36632001B6857 /* Build configuration list for PBXNativeTarget "FlixTests" */ = {
			isa = XCConfigurationList;
			buildConfigurations = (
				14BD4D1025D36632001B6857 /* Debug */,
				14BD4D1125D36632001B6857 /* Release */,
			);
			defaultConfigurationIsVisible = 0;
			defaultConfigurationName = Release;
		};
		14BD4D1225D36632001B6857 /* Build configuration list for PBXNativeTarget "FlixUITests" */ = {
			isa = XCConfigurationList;
			buildConfigurations = (
				14BD4D1325D36632001B6857 /* Debug */,
				14BD4D1425D36632001B6857 /* Release */,
			);
			defaultConfigurationIsVisible = 0;
			defaultConfigurationName = Release;
		};
/* End XCConfigurationList section */
	};
	rootObject = 14BD4CDA25D3662F001B6857 /* Project object */;
}
